// !$*UTF8*$!
{
	archiveVersion = 1;
	classes = {
	};
	objectVersion = 46;
	objects = {

/* Begin PBXBuildFile section */
		2800673F1D34EACC0086CEBC /* AppDelegate.swift in Sources */ = {isa = PBXBuildFile; fileRef = 2800673E1D34EACC0086CEBC /* AppDelegate.swift */; };
		280067411D34EACC0086CEBC /* ViewController.swift in Sources */ = {isa = PBXBuildFile; fileRef = 280067401D34EACC0086CEBC /* ViewController.swift */; };
		280067441D34EACC0086CEBC /* Main.storyboard in Resources */ = {isa = PBXBuildFile; fileRef = 280067421D34EACC0086CEBC /* Main.storyboard */; };
		280067461D34EACC0086CEBC /* Assets.xcassets in Resources */ = {isa = PBXBuildFile; fileRef = 280067451D34EACC0086CEBC /* Assets.xcassets */; };
		280067491D34EACC0086CEBC /* LaunchScreen.storyboard in Resources */ = {isa = PBXBuildFile; fileRef = 280067471D34EACC0086CEBC /* LaunchScreen.storyboard */; };
/* End PBXBuildFile section */

/* Begin PBXFileReference section */
		2800673B1D34EACC0086CEBC /* isExcludedFromBackupKeyDemo.app */ = {isa = PBXFileReference; explicitFileType = wrapper.application; includeInIndex = 0; path = isExcludedFromBackupKeyDemo.app; sourceTree = BUILT_PRODUCTS_DIR; };
		2800673E1D34EACC0086CEBC /* AppDelegate.swift */ = {isa = PBXFileReference; lastKnownFileType = sourcecode.swift; path = AppDelegate.swift; sourceTree = "<group>"; };
		280067401D34EACC0086CEBC /* ViewController.swift */ = {isa = PBXFileReference; lastKnownFileType = sourcecode.swift; path = ViewController.swift; sourceTree = "<group>"; };
		280067431D34EACC0086CEBC /* Base */ = {isa = PBXFileReference; lastKnownFileType = file.storyboard; name = Base; path = Base.lproj/Main.storyboard; sourceTree = "<group>"; };
		280067451D34EACC0086CEBC /* Assets.xcassets */ = {isa = PBXFileReference; lastKnownFileType = folder.assetcatalog; path = Assets.xcassets; sourceTree = "<group>"; };
		280067481D34EACC0086CEBC /* Base */ = {isa = PBXFileReference; lastKnownFileType = file.storyboard; name = Base; path = Base.lproj/LaunchScreen.storyboard; sourceTree = "<group>"; };
		2800674A1D34EACC0086CEBC /* Info.plist */ = {isa = PBXFileReference; lastKnownFileType = text.plist.xml; path = Info.plist; sourceTree = "<group>"; };
/* End PBXFileReference section */

/* Begin PBXFrameworksBuildPhase section */
		280067381D34EACC0086CEBC /* Frameworks */ = {
			isa = PBXFrameworksBuildPhase;
			buildActionMask = 2147483647;
			files = (
			);
			runOnlyForDeploymentPostprocessing = 0;
		};
/* End PBXFrameworksBuildPhase section */

/* Begin PBXGroup section */
		280067321D34EACC0086CEBC = {
			isa = PBXGroup;
			children = (
				2800673D1D34EACC0086CEBC /* isExcludedFromBackupKeyDemo */,
				2800673C1D34EACC0086CEBC /* Products */,
			);
			sourceTree = "<group>";
		};
		2800673C1D34EACC0086CEBC /* Products */ = {
			isa = PBXGroup;
			children = (
				2800673B1D34EACC0086CEBC /* isExcludedFromBackupKeyDemo.app */,
			);
			name = Products;
			sourceTree = "<group>";
		};
		2800673D1D34EACC0086CEBC /* isExcludedFromBackupKeyDemo */ = {
			isa = PBXGroup;
			children = (
				2800673E1D34EACC0086CEBC /* AppDelegate.swift */,
				280067401D34EACC0086CEBC /* ViewController.swift */,
				280067421D34EACC0086CEBC /* Main.storyboard */,
				280067451D34EACC0086CEBC /* Assets.xcassets */,
				280067471D34EACC0086CEBC /* LaunchScreen.storyboard */,
				2800674A1D34EACC0086CEBC /* Info.plist */,
			);
			path = isExcludedFromBackupKeyDemo;
			sourceTree = "<group>";
		};
/* End PBXGroup section */

/* Begin PBXNativeTarget section */
		2800673A1D34EACC0086CEBC /* isExcludedFromBackupKeyDemo */ = {
			isa = PBXNativeTarget;
			buildConfigurationList = 2800674D1D34EACC0086CEBC /* Build configuration list for PBXNativeTarget "isExcludedFromBackupKeyDemo" */;
			buildPhases = (
				280067371D34EACC0086CEBC /* Sources */,
				280067381D34EACC0086CEBC /* Frameworks */,
				280067391D34EACC0086CEBC /* Resources */,
			);
			buildRules = (
			);
			dependencies = (
			);
			name = isExcludedFromBackupKeyDemo;
			productName = isExcludedFromBackupKeyDemo;
			productReference = 2800673B1D34EACC0086CEBC /* isExcludedFromBackupKeyDemo.app */;
			productType = "com.apple.product-type.application";
		};
/* End PBXNativeTarget section */

/* Begin PBXProject section */
		280067331D34EACC0086CEBC /* Project object */ = {
			isa = PBXProject;
			attributes = {
				LastSwiftUpdateCheck = 0800;
				LastUpgradeCheck = 0800;
				ORGANIZATIONNAME = "於林涛";
				TargetAttributes = {
					2800673A1D34EACC0086CEBC = {
						CreatedOnToolsVersion = 8.0;
						DevelopmentTeam = T78GX8TJ57;
						DevelopmentTeamName = "Hanhai Information Technology (Shanghai) Co.Ltd";
						ProvisioningStyle = Automatic;
					};
				};
			};
			buildConfigurationList = 280067361D34EACC0086CEBC /* Build configuration list for PBXProject "isExcludedFromBackupKeyDemo" */;
			compatibilityVersion = "Xcode 3.2";
			developmentRegion = English;
			hasScannedForEncodings = 0;
			knownRegions = (
				en,
				Base,
			);
			mainGroup = 280067321D34EACC0086CEBC;
			productRefGroup = 2800673C1D34EACC0086CEBC /* Products */;
			projectDirPath = "";
			projectRoot = "";
			targets = (
				2800673A1D34EACC0086CEBC /* isExcludedFromBackupKeyDemo */,
			);
		};
/* End PBXProject section */

/* Begin PBXResourcesBuildPhase section */
		280067391D34EACC0086CEBC /* Resources */ = {
			isa = PBXResourcesBuildPhase;
			buildActionMask = 2147483647;
			files = (
				280067491D34EACC0086CEBC /* LaunchScreen.storyboard in Resources */,
				280067461D34EACC0086CEBC /* Assets.xcassets in Resources */,
				280067441D34EACC0086CEBC /* Main.storyboard in Resources */,
			);
			runOnlyForDeploymentPostprocessing = 0;
		};
/* End PBXResourcesBuildPhase section */

/* Begin PBXSourcesBuildPhase section */
		280067371D34EACC0086CEBC /* Sources */ = {
			isa = PBXSourcesBuildPhase;
			buildActionMask = 2147483647;
			files = (
				280067411D34EACC0086CEBC /* ViewController.swift in Sources */,
				2800673F1D34EACC0086CEBC /* AppDelegate.swift in Sources */,
			);
			runOnlyForDeploymentPostprocessing = 0;
		};
/* End PBXSourcesBuildPhase section */

/* Begin PBXVariantGroup section */
		280067421D34EACC0086CEBC /* Main.storyboard */ = {
			isa = PBXVariantGroup;
			children = (
				280067431D34EACC0086CEBC /* Base */,
			);
			name = Main.storyboard;
			sourceTree = "<group>";
		};
		280067471D34EACC0086CEBC /* LaunchScreen.storyboard */ = {
			isa = PBXVariantGroup;
			children = (
				280067481D34EACC0086CEBC /* Base */,
			);
			name = LaunchScreen.storyboard;
			sourceTree = "<group>";
		};
/* End PBXVariantGroup section */

/* Begin XCBuildConfiguration section */
		2800674B1D34EACC0086CEBC /* Debug */ = {
			isa = XCBuildConfiguration;
			buildSettings = {
				ALWAYS_SEARCH_USER_PATHS = NO;
				CLANG_ANALYZER_NONNULL = YES;
				CLANG_CXX_LANGUAGE_STANDARD = "gnu++0x";
				CLANG_CXX_LIBRARY = "libc++";
				CLANG_ENABLE_MODULES = YES;
				CLANG_ENABLE_OBJC_ARC = YES;
				CLANG_WARN_BOOL_CONVERSION = YES;
				CLANG_WARN_CONSTANT_CONVERSION = YES;
				CLANG_WARN_DIRECT_OBJC_ISA_USAGE = YES_ERROR;
				CLANG_WARN_DOCUMENTATION_COMMENTS = YES;
				CLANG_WARN_EMPTY_BODY = YES;
				CLANG_WARN_ENUM_CONVERSION = YES;
				CLANG_WARN_INT_CONVERSION = YES;
				CLANG_WARN_OBJC_ROOT_CLASS = YES_ERROR;
				CLANG_WARN_UNREACHABLE_CODE = YES;
				CLANG_WARN__DUPLICATE_METHOD_MATCH = YES;
				"CODE_SIGN_IDENTITY[sdk=iphoneos*]" = "iPhone Developer";
				COPY_PHASE_STRIP = NO;
				DEBUG_INFORMATION_FORMAT = dwarf;
				ENABLE_STRICT_OBJC_MSGSEND = YES;
				ENABLE_TESTABILITY = YES;
				GCC_C_LANGUAGE_STANDARD = gnu99;
				GCC_DYNAMIC_NO_PIC = NO;
				GCC_NO_COMMON_BLOCKS = YES;
				GCC_OPTIMIZATION_LEVEL = 0;
				GCC_PREPROCESSOR_DEFINITIONS = (
					"DEBUG=1",
					"$(inherited)",
				);
				GCC_WARN_64_TO_32_BIT_CONVERSION = YES;
				GCC_WARN_ABOUT_RETURN_TYPE = YES_ERROR;
				GCC_WARN_UNDECLARED_SELECTOR = YES;
				GCC_WARN_UNINITIALIZED_AUTOS = YES_AGGRESSIVE;
				GCC_WARN_UNUSED_FUNCTION = YES;
				GCC_WARN_UNUSED_VARIABLE = YES;
				IPHONEOS_DEPLOYMENT_TARGET = 10.0;
				MTL_ENABLE_DEBUG_INFO = YES;
				ONLY_ACTIVE_ARCH = YES;
				SDKROOT = iphoneos;
				SWIFT_ACTIVE_COMPILATION_CONDITIONS = DEBUG;
				SWIFT_OPTIMIZATION_LEVEL = "-Onone";
			};
			name = Debug;
		};
		2800674C1D34EACC0086CEBC /* Release */ = {
			isa = XCBuildConfiguration;
			buildSettings = {
				ALWAYS_SEARCH_USER_PATHS = NO;
				CLANG_ANALYZER_NONNULL = YES;
				CLANG_CXX_LANGUAGE_STANDARD = "gnu++0x";
				CLANG_CXX_LIBRARY = "libc++";
				CLANG_ENABLE_MODULES = YES;
				CLANG_ENABLE_OBJC_ARC = YES;
				CLANG_WARN_BOOL_CONVERSION = YES;
				CLANG_WARN_CONSTANT_CONVERSION = YES;
				CLANG_WARN_DIRECT_OBJC_ISA_USAGE = YES_ERROR;
				CLANG_WARN_DOCUMENTATION_COMMENTS = YES;
				CLANG_WARN_EMPTY_BODY = YES;
				CLANG_WARN_ENUM_CONVERSION = YES;
				CLANG_WARN_INT_CONVERSION = YES;
				CLANG_WARN_OBJC_ROOT_CLASS = YES_ERROR;
				CLANG_WARN_UNREACHABLE_CODE = YES;
				CLANG_WARN__DUPLICATE_METHOD_MATCH = YES;
				"CODE_SIGN_IDENTITY[sdk=iphoneos*]" = "iPhone Developer";
				COPY_PHASE_STRIP = NO;
				DEBUG_INFORMATION_FORMAT = "dwarf-with-dsym";
				ENABLE_NS_ASSERTIONS = NO;
				ENABLE_STRICT_OBJC_MSGSEND = YES;
				GCC_C_LANGUAGE_STANDARD = gnu99;
				GCC_NO_COMMON_BLOCKS = YES;
				GCC_WARN_64_TO_32_BIT_CONVERSION = YES;
				GCC_WARN_ABOUT_RETURN_TYPE = YES_ERROR;
				GCC_WARN_UNDECLARED_SELECTOR = YES;
				GCC_WARN_UNINITIALIZED_AUTOS = YES_AGGRESSIVE;
				GCC_WARN_UNUSED_FUNCTION = YES;
				GCC_WARN_UNUSED_VARIABLE = YES;
				IPHONEOS_DEPLOYMENT_TARGET = 10.0;
				MTL_ENABLE_DEBUG_INFO = NO;
				SDKROOT = iphoneos;
				SWIFT_OPTIMIZATION_LEVEL = "-Owholemodule";
				VALIDATE_PRODUCT = YES;
			};
			name = Release;
		};
		2800674E1D34EACC0086CEBC /* Debug */ = {
			isa = XCBuildConfiguration;
			buildSettings = {
				ASSETCATALOG_COMPILER_APPICON_NAME = AppIcon;
				INFOPLIST_FILE = isExcludedFromBackupKeyDemo/Info.plist;
				IPHONEOS_DEPLOYMENT_TARGET = 8.0;
				LD_RUNPATH_SEARCH_PATHS = "$(inherited) @executable_path/Frameworks";
				PRODUCT_BUNDLE_IDENTIFIER = com.jft0m.isExcludedFromBackupKeyDemo;
				PRODUCT_NAME = "$(TARGET_NAME)";
				SWIFT_VERSION = 3.0;
			};
			name = Debug;
		};
		2800674F1D34EACC0086CEBC /* Release */ = {
			isa = XCBuildConfiguration;
			buildSettings = {
				ASSETCATALOG_COMPILER_APPICON_NAME = AppIcon;
				INFOPLIST_FILE = isExcludedFromBackupKeyDemo/Info.plist;
				IPHONEOS_DEPLOYMENT_TARGET = 8.0;
				LD_RUNPATH_SEARCH_PATHS = "$(inherited) @executable_path/Frameworks";
				PRODUCT_BUNDLE_IDENTIFIER = com.jft0m.isExcludedFromBackupKeyDemo;
				PRODUCT_NAME = "$(TARGET_NAME)";
				SWIFT_VERSION = 3.0;
			};
			name = Release;
		};
/* End XCBuildConfiguration section */

/* Begin XCConfigurationList section */
		280067361D34EACC0086CEBC /* Build configuration list for PBXProject "isExcludedFromBackupKeyDemo" */ = {
			isa = XCConfigurationList;
			buildConfigurations = (
				2800674B1D34EACC0086CEBC /* Debug */,
				2800674C1D34EACC0086CEBC /* Release */,
			);
			defaultConfigurationIsVisible = 0;
			defaultConfigurationName = Release;
		};
		2800674D1D34EACC0086CEBC /* Build configuration list for PBXNativeTarget "isExcludedFromBackupKeyDemo" */ = {
			isa = XCConfigurationList;
			buildConfigurations = (
				2800674E1D34EACC0086CEBC /* Debug */,
				2800674F1D34EACC0086CEBC /* Release */,
			);
			defaultConfigurationIsVisible = 0;
		};
/* End XCConfigurationList section */
	};
	rootObject = 280067331D34EACC0086CEBC /* Project object */;
}
